
Microsoft Visual Studio Solution File, Format Version 12.00
# Visual Studio 15
VisualStudioVersion = 15.0.27130.2024
MinimumVisualStudioVersion = 10.0.40219.1
Project("{FAE04EC0-301F-11D3-BF4B-00C04F79EFBC}") = "BetterResources", "BetterResources\BetterResources.csproj", "{CDF54AFD-058A-4560-9A4B-6F173C528B3D}"
EndProject
Global
	GlobalSection(SolutionConfigurationPlatforms) = preSolution
		Debug|Any CPU = Debug|Any CPU
		Release|Any CPU = Release|Any CPU
	EndGlobalSection
	GlobalSection(ProjectConfigurationPlatforms) = postSolution
		{CDF54AFD-058A-4560-9A4B-6F173C528B3D}.Debug|Any CPU.ActiveCfg = Debug|Any CPU
		{CDF54AFD-058A-4560-9A4B-6F173C528B3D}.Debug|Any CPU.Build.0 = Debug|Any CPU
		{CDF54AFD-058A-4560-9A4B-6F173C528B3D}.Release|Any CPU.ActiveCfg = Release|Any CPU
		{CDF54AFD-058A-4560-9A4B-6F173C528B3D}.Release|Any CPU.Build.0 = Release|Any CPU
	EndGlobalSection
	GlobalSection(SolutionProperties) = preSolution
		HideSolutionNode = FALSE
	EndGlobalSection
	GlobalSection(ExtensibilityGlobals) = postSolution
		SolutionGuid = {E0059CB4-F501-4458-9652-A6B8E5367F5F}
	EndGlobalSection
EndGlobal
